// !$*UTF8*$!
{
	archiveVersion = 1;
	classes = {
	};
	objectVersion = 70;
	objects = {

/* Begin PBXBuildFile section */
		A101 /* AppDelegate.swift in Sources */ = {isa = PBXBuildFile; fileRef = B101 /* AppDelegate.swift */; };
		A102 /* SceneDelegate.swift in Sources */ = {isa = PBXBuildFile; fileRef = B102 /* SceneDelegate.swift */; };
		A104 /* CarPlaySceneDelegate.swift in Sources */ = {isa = PBXBuildFile; fileRef = B104 /* CarPlaySceneDelegate.swift */; };
		A105 /* DashboardTemplate.swift in Sources */ = {isa = PBXBuildFile; fileRef = B105 /* DashboardTemplate.swift */; };
		A106 /* CallDataModel.swift in Sources */ = {isa = PBXBuildFile; fileRef = B106 /* CallDataModel.swift */; };
		A107 /* EMSSocketManager.swift in Sources */ = {isa = PBXBuildFile; fileRef = B107 /* EMSSocketManager.swift */; };
		A108 /* NotificationManager.swift in Sources */ = {isa = PBXBuildFile; fileRef = B108 /* NotificationManager.swift */; };
		BA3882592F9C152600126D42 /* AddressNotesView.swift in Sources */ = {isa = PBXBuildFile; fileRef = BA3882582F9C152500126D42 /* AddressNotesView.swift */; };
		BA38825C2F9C4DD700126D42 /* GoogleMaps in Frameworks */ = {isa = PBXBuildFile; productRef = BA38825B2F9C4DD700126D42 /* GoogleMaps */; };
		BAA437512F9BC69600C1CD80 /* EMSDashboard.xcassets in Resources */ = {isa = PBXBuildFile; fileRef = BAA437502F9BC69600C1CD80 /* EMSDashboard.xcassets */; };
		BABF376D2F9A7DC400D636B0 /* SocketIO in Frameworks */ = {isa = PBXBuildFile; productRef = BABF376C2F9A7DC400D636B0 /* SocketIO */; };
/* End PBXBuildFile section */

/* Begin PBXFileReference section */
		B001 /* EMSDashboard.app */ = {isa = PBXFileReference; explicitFileType = wrapper.application; includeInIndex = 0; path = EMSDashboard.app; sourceTree = BUILT_PRODUCTS_DIR; };
		B101 /* AppDelegate.swift */ = {isa = PBXFileReference; lastKnownFileType = sourcecode.swift; path = AppDelegate.swift; sourceTree = "<group>"; };
		B102 /* SceneDelegate.swift */ = {isa = PBXFileReference; lastKnownFileType = sourcecode.swift; path = SceneDelegate.swift; sourceTree = "<group>"; };
		B104 /* CarPlaySceneDelegate.swift */ = {isa = PBXFileReference; lastKnownFileType = sourcecode.swift; path = CarPlaySceneDelegate.swift; sourceTree = "<group>"; };
		B105 /* DashboardTemplate.swift */ = {isa = PBXFileReference; lastKnownFileType = sourcecode.swift; path = DashboardTemplate.swift; sourceTree = "<group>"; };
		B106 /* CallDataModel.swift */ = {isa = PBXFileReference; lastKnownFileType = sourcecode.swift; path = CallDataModel.swift; sourceTree = "<group>"; };
		B107 /* EMSSocketManager.swift */ = {isa = PBXFileReference; lastKnownFileType = sourcecode.swift; path = EMSSocketManager.swift; sourceTree = "<group>"; };
		B108 /* NotificationManager.swift */ = {isa = PBXFileReference; lastKnownFileType = sourcecode.swift; path = NotificationManager.swift; sourceTree = "<group>"; };
		B200 /* Info.plist */ = {isa = PBXFileReference; lastKnownFileType = text.plist.xml; path = Info.plist; sourceTree = "<group>"; };
		B201 /* EMSDashboard.entitlements */ = {isa = PBXFileReference; lastKnownFileType = text.plist.entitlements; path = EMSDashboard.entitlements; sourceTree = "<group>"; };
		BA3882582F9C152500126D42 /* AddressNotesView.swift */ = {isa = PBXFileReference; lastKnownFileType = sourcecode.swift; path = AddressNotesView.swift; sourceTree = "<group>"; };
		BAA437502F9BC69600C1CD80 /* EMSDashboard.xcassets */ = {isa = PBXFileReference; lastKnownFileType = folder.assetcatalog; path = EMSDashboard.xcassets; sourceTree = "<group>"; };
/* End PBXFileReference section */

/* Begin PBXFileSystemSynchronizedRootGroup section */
		BA788E7E2F9AE972009220F3 /* Hospital */ = {isa = PBXFileSystemSynchronizedRootGroup; explicitFileTypes = {}; explicitFolders = (); path = Hospital; sourceTree = "<group>"; };
		BA788E862F9AE9CA009220F3 /* Managers */ = {isa = PBXFileSystemSynchronizedRootGroup; explicitFileTypes = {}; explicitFolders = (); path = Managers; sourceTree = "<group>"; };
		BA788E882F9AE9E7009220F3 /* Controllers */ = {isa = PBXFileSystemSynchronizedRootGroup; explicitFileTypes = {}; explicitFolders = (); path = Controllers; sourceTree = "<group>"; };
/* End PBXFileSystemSynchronizedRootGroup section */

/* Begin PBXFrameworksBuildPhase section */
		D011 /* Frameworks */ = {
			isa = PBXFrameworksBuildPhase;
			buildActionMask = 2147483647;
			files = (
				BA38825C2F9C4DD700126D42 /* GoogleMaps in Frameworks */,
				BABF376D2F9A7DC400D636B0 /* SocketIO in Frameworks */,
			);
			runOnlyForDeploymentPostprocessing = 0;
		};
/* End PBXFrameworksBuildPhase section */

/* Begin PBXGroup section */
		BA788E892F9AE9ED009220F3 /* Libs */ = {
			isa = PBXGroup;
			children = (
				BA788E882F9AE9E7009220F3 /* Controllers */,
				BA788E862F9AE9CA009220F3 /* Managers */,
				BA788E7E2F9AE972009220F3 /* Hospital */,
			);
			path = Libs;
			sourceTree = "<group>";
		};
		C001 = {
			isa = PBXGroup;
			children = (
				C002 /* EMSDashboard */,
				C003 /* Products */,
			);
			sourceTree = "<group>";
		};
		C002 /* EMSDashboard */ = {
			isa = PBXGroup;
			children = (
				BA788E892F9AE9ED009220F3 /* Libs */,
				B101 /* AppDelegate.swift */,
				B102 /* SceneDelegate.swift */,
				BA3882582F9C152500126D42 /* AddressNotesView.swift */,
				B104 /* CarPlaySceneDelegate.swift */,
				B105 /* DashboardTemplate.swift */,
				B106 /* CallDataModel.swift */,
				B107 /* EMSSocketManager.swift */,
				B108 /* NotificationManager.swift */,
				B200 /* Info.plist */,
				B201 /* EMSDashboard.entitlements */,
				BAA437502F9BC69600C1CD80 /* EMSDashboard.xcassets */,
			);
			path = EMSDashboard;
			sourceTree = "<group>";
		};
		C003 /* Products */ = {
			isa = PBXGroup;
			children = (
				B001 /* EMSDashboard.app */,
			);
			name = Products;
			sourceTree = "<group>";
		};
/* End PBXGroup section */

/* Begin PBXNativeTarget section */
		D001 /* EMSDashboard */ = {
			isa = PBXNativeTarget;
			buildConfigurationList = E001 /* Build configuration list for PBXNativeTarget "EMSDashboard" */;
			buildPhases = (
				D010 /* Sources */,
				D011 /* Frameworks */,
				D012 /* Resources */,
			);
			buildRules = (
			);
			dependencies = (
			);
			fileSystemSynchronizedGroups = (
				BA788E7E2F9AE972009220F3 /* Hospital */,
				BA788E862F9AE9CA009220F3 /* Managers */,
				BA788E882F9AE9E7009220F3 /* Controllers */,
			);
			name = EMSDashboard;
			productName = EMSDashboard;
			productReference = B001 /* EMSDashboard.app */;
			productType = "com.apple.product-type.application";
		};
/* End PBXNativeTarget section */

/* Begin PBXProject section */
		D000 /* Project object */ = {
			isa = PBXProject;
			attributes = {
				BuildIndependentTargetsInParallel = 1;
				LastSwiftUpdateCheck = 1500;
				LastUpgradeCheck = 1500;
				TargetAttributes = {
					D001 = {
						CreatedOnToolsVersion = 15.0;
					};
				};
			};
			buildConfigurationList = E000 /* Build configuration list for PBXProject "EMSDashboard" */;
			compatibilityVersion = "Xcode 14.0";
			developmentRegion = en;
			hasScannedForEncodings = 0;
			knownRegions = (
				en,
				Base,
			);
			mainGroup = C001;
			packageReferences = (
				BABF376B2F9A7DC400D636B0 /* XCRemoteSwiftPackageReference "socket" */,
				BA38825A2F9C4DD700126D42 /* XCRemoteSwiftPackageReference "ios-maps-sdk" */,
			);
			productRefGroup = C003 /* Products */;
			projectDirPath = "";
			projectRoot = "";
			targets = (
				D001 /* EMSDashboard */,
			);
		};
/* End PBXProject section */

/* Begin PBXResourcesBuildPhase section */
		D012 /* Resources */ = {
			isa = PBXResourcesBuildPhase;
			buildActionMask = 2147483647;
			files = (
				BAA437512F9BC69600C1CD80 /* EMSDashboard.xcassets in Resources */,
			);
			runOnlyForDeploymentPostprocessing = 0;
		};
/* End PBXResourcesBuildPhase section */

/* Begin PBXSourcesBuildPhase section */
		D010 /* Sources */ = {
			isa = PBXSourcesBuildPhase;
			buildActionMask = 2147483647;
			files = (
				A101 /* AppDelegate.swift in Sources */,
				A102 /* SceneDelegate.swift in Sources */,
				A104 /* CarPlaySceneDelegate.swift in Sources */,
				A105 /* DashboardTemplate.swift in Sources */,
				A106 /* CallDataModel.swift in Sources */,
				BA3882592F9C152600126D42 /* AddressNotesView.swift in Sources */,
				A107 /* EMSSocketManager.swift in Sources */,
				A108 /* NotificationManager.swift in Sources */,
			);
			runOnlyForDeploymentPostprocessing = 0;
		};
/* End PBXSourcesBuildPhase section */

/* Begin XCBuildConfiguration section */
		E010 /* Debug */ = {
			isa = XCBuildConfiguration;
			buildSettings = {
				ALWAYS_SEARCH_USER_PATHS = NO;
				ASSETCATALOG_COMPILER_GENERATE_SWIFT_ASSET_SYMBOL_EXTENSIONS = YES;
				CLANG_ANALYZER_NONNULL = YES;
				CLANG_ANALYZER_NUMBER_OBJECT_CONVERSION = YES_AGGRESSIVE;
				CLANG_CXX_LANGUAGE_STANDARD = "gnu++20";
				CLANG_ENABLE_MODULES = YES;
				CLANG_ENABLE_OBJC_ARC = YES;
				CLANG_ENABLE_OBJC_WEAK = YES;
				CLANG_WARN_BLOCK_CAPTURE_AUTORELEASING = YES;
				CLANG_WARN_BOOL_CONVERSION = YES;
				CLANG_WARN_COMMA = YES;
				CLANG_WARN_CONSTANT_CONVERSION = YES;
				CLANG_WARN_DEPRECATED_OBJC_IMPLEMENTATIONS = YES;
				CLANG_WARN_DIRECT_OBJC_ISA_USAGE = YES_ERROR;
				CLANG_WARN_DOCUMENTATION_COMMENTS = YES;
				CLANG_WARN_EMPTY_BODY = YES;
				CLANG_WARN_ENUM_CONVERSION = YES;
				CLANG_WARN_INFINITE_RECURSION = YES;
				CLANG_WARN_INT_CONVERSION = YES;
				CLANG_WARN_NON_LITERAL_NULL_CONVERSION = YES;
				CLANG_WARN_OBJC_IMPLICIT_RETAIN_CYCLE = YES;
				CLANG_WARN_OBJC_LITERAL_CONVERSION = YES;
				CLANG_WARN_OBJC_ROOT_CLASS = YES_ERROR;
				CLANG_WARN_QUOTED_INCLUDE_IN_FRAMEWORK_HEADER = YES;
				CLANG_WARN_RANGE_LOOP_ANALYSIS = YES;
				CLANG_WARN_STRICT_PROTOTYPES = YES;
				CLANG_WARN_SUSPICIOUS_MOVE = YES;
				CLANG_WARN_UNGUARDED_AVAILABILITY = YES_AGGRESSIVE;
				CLANG_WARN_UNREACHABLE_CODE = YES;
				CLANG_WARN__DUPLICATE_METHOD_MATCH = YES;
				COPY_PHASE_STRIP = NO;
				DEBUG_INFORMATION_FORMAT = dwarf;
				ENABLE_STRICT_OBJC_MSGSEND = YES;
				ENABLE_TESTABILITY = YES;
				ENABLE_USER_SCRIPT_SANDBOXING = YES;
				GCC_C_LANGUAGE_STANDARD = gnu17;
				GCC_DYNAMIC_NO_PIC = NO;
				GCC_NO_COMMON_BLOCKS = YES;
				GCC_OPTIMIZATION_LEVEL = 0;
				GCC_PREPROCESSOR_DEFINITIONS = (
					"DEBUG=1",
					"$(inherited)",
				);
				GCC_WARN_64_TO_32_BIT_CONVERSION = YES;
				GCC_WARN_ABOUT_RETURN_TYPE = YES_ERROR;
				GCC_WARN_UNDECLARED_SELECTOR = YES;
				GCC_WARN_UNINITIALIZED_AUTOS = YES_AGGRESSIVE;
				GCC_WARN_UNUSED_FUNCTION = YES;
				GCC_WARN_UNUSED_VARIABLE = YES;
				IPHONEOS_DEPLOYMENT_TARGET = 16.0;
				MTL_ENABLE_DEBUG_INFO = INCLUDE_SOURCE;
				MTL_FAST_MATH = YES;
				ONLY_ACTIVE_ARCH = YES;
				SDKROOT = iphoneos;
				SWIFT_ACTIVE_COMPILATION_CONDITIONS = "DEBUG $(inherited)";
				SWIFT_OPTIMIZATION_LEVEL = "-Onone";
			};
			name = Debug;
		};
		E011 /* Release */ = {
			isa = XCBuildConfiguration;
			buildSettings = {
				ALWAYS_SEARCH_USER_PATHS = NO;
				ASSETCATALOG_COMPILER_GENERATE_SWIFT_ASSET_SYMBOL_EXTENSIONS = YES;
				CLANG_ANALYZER_NONNULL = YES;
				CLANG_ANALYZER_NUMBER_OBJECT_CONVERSION = YES_AGGRESSIVE;
				CLANG_CXX_LANGUAGE_STANDARD = "gnu++20";
				CLANG_ENABLE_MODULES = YES;
				CLANG_ENABLE_OBJC_ARC = YES;
				CLANG_ENABLE_OBJC_WEAK = YES;
				CLANG_WARN_BLOCK_CAPTURE_AUTORELEASING = YES;
				CLANG_WARN_BOOL_CONVERSION = YES;
				CLANG_WARN_COMMA = YES;
				CLANG_WARN_CONSTANT_CONVERSION = YES;
				CLANG_WARN_DEPRECATED_OBJC_IMPLEMENTATIONS = YES;
				CLANG_WARN_DIRECT_OBJC_ISA_USAGE = YES_ERROR;
				CLANG_WARN_DOCUMENTATION_COMMENTS = YES;
				CLANG_WARN_EMPTY_BODY = YES;
				CLANG_WARN_ENUM_CONVERSION = YES;
				CLANG_WARN_INFINITE_RECURSION = YES;
				CLANG_WARN_INT_CONVERSION = YES;
				CLANG_WARN_NON_LITERAL_NULL_CONVERSION = YES;
				CLANG_WARN_OBJC_IMPLICIT_RETAIN_CYCLE = YES;
				CLANG_WARN_OBJC_LITERAL_CONVERSION = YES;
				CLANG_WARN_OBJC_ROOT_CLASS = YES_ERROR;
				CLANG_WARN_QUOTED_INCLUDE_IN_FRAMEWORK_HEADER = YES;
				CLANG_WARN_RANGE_LOOP_ANALYSIS = YES;
				CLANG_WARN_STRICT_PROTOTYPES = YES;
				CLANG_WARN_SUSPICIOUS_MOVE = YES;
				CLANG_WARN_UNGUARDED_AVAILABILITY = YES_AGGRESSIVE;
				CLANG_WARN_UNREACHABLE_CODE = YES;
				CLANG_WARN__DUPLICATE_METHOD_MATCH = YES;
				COPY_PHASE_STRIP = NO;
				DEBUG_INFORMATION_FORMAT = "dwarf-with-dsym";
				ENABLE_NS_ASSERTIONS = NO;
				ENABLE_STRICT_OBJC_MSGSEND = YES;
				ENABLE_USER_SCRIPT_SANDBOXING = YES;
				GCC_C_LANGUAGE_STANDARD = gnu17;
				GCC_NO_COMMON_BLOCKS = YES;
				GCC_WARN_64_TO_32_BIT_CONVERSION = YES;
				GCC_WARN_ABOUT_RETURN_TYPE = YES_ERROR;
				GCC_WARN_UNDECLARED_SELECTOR = YES;
				GCC_WARN_UNINITIALIZED_AUTOS = YES_AGGRESSIVE;
				GCC_WARN_UNUSED_FUNCTION = YES;
				GCC_WARN_UNUSED_VARIABLE = YES;
				IPHONEOS_DEPLOYMENT_TARGET = 16.0;
				MTL_FAST_MATH = YES;
				SDKROOT = iphoneos;
				SWIFT_COMPILATION_MODE = wholemodule;
				VALIDATE_PRODUCT = YES;
			};
			name = Release;
		};
		E020 /* Debug */ = {
			isa = XCBuildConfiguration;
			buildSettings = {
				ASSETCATALOG_COMPILER_APPICON_NAME = AppIcon;
				ASSETCATALOG_COMPILER_GLOBAL_ACCENT_COLOR_NAME = AccentColor;
				ASSETCATALOG_COMPILER_INCLUDE_ALL_APPICON_ASSETS = YES;
				CODE_SIGN_ENTITLEMENTS = EMSDashboard/EMSDashboard.entitlements;
				CODE_SIGN_STYLE = Automatic;
				CURRENT_PROJECT_VERSION = 1;
				DEVELOPMENT_ASSET_PATHS = "";
				DEVELOPMENT_TEAM = MCRK97V7ZB;
				ENABLE_PREVIEWS = YES;
				GENERATE_INFOPLIST_FILE = NO;
				INFOPLIST_FILE = EMSDashboard/Info.plist;
				INFOPLIST_KEY_CFBundleDisplayName = EMSDashboard;
				IPHONEOS_DEPLOYMENT_TARGET = 18.6;
				LD_RUNPATH_SEARCH_PATHS = (
					"$(inherited)",
					"@executable_path/Frameworks",
				);
				MARKETING_VERSION = 0.1;
				PRODUCT_BUNDLE_IDENTIFIER = com.eastchesterems.dashboard;
				PRODUCT_NAME = "$(TARGET_NAME)";
				SUPPORTED_PLATFORMS = "iphoneos iphonesimulator";
				SUPPORTS_MACCATALYST = NO;
				SUPPORTS_MAC_DESIGNED_FOR_IPHONE_IPAD = NO;
				SUPPORTS_XR_DESIGNED_FOR_IPHONE_IPAD = NO;
				SWIFT_EMIT_LOC_STRINGS = YES;
				SWIFT_VERSION = 5.0;
				TARGETED_DEVICE_FAMILY = 1;
			};
			name = Debug;
		};
		E021 /* Release */ = {
			isa = XCBuildConfiguration;
			buildSettings = {
				ASSETCATALOG_COMPILER_APPICON_NAME = AppIcon;
				ASSETCATALOG_COMPILER_GLOBAL_ACCENT_COLOR_NAME = AccentColor;
				ASSETCATALOG_COMPILER_INCLUDE_ALL_APPICON_ASSETS = YES;
				CODE_SIGN_ENTITLEMENTS = EMSDashboard/EMSDashboard.entitlements;
				CODE_SIGN_STYLE = Automatic;
				CURRENT_PROJECT_VERSION = 1;
				DEVELOPMENT_ASSET_PATHS = "";
				DEVELOPMENT_TEAM = MCRK97V7ZB;
				ENABLE_PREVIEWS = YES;
				GENERATE_INFOPLIST_FILE = NO;
				INFOPLIST_FILE = EMSDashboard/Info.plist;
				INFOPLIST_KEY_CFBundleDisplayName = EMSDashboard;
				IPHONEOS_DEPLOYMENT_TARGET = 18.6;
				LD_RUNPATH_SEARCH_PATHS = (
					"$(inherited)",
					"@executable_path/Frameworks",
				);
				MARKETING_VERSION = 0.1;
				PRODUCT_BUNDLE_IDENTIFIER = com.eastchesterems.dashboard;
				PRODUCT_NAME = "$(TARGET_NAME)";
				SUPPORTED_PLATFORMS = "iphoneos iphonesimulator";
				SUPPORTS_MACCATALYST = NO;
				SUPPORTS_MAC_DESIGNED_FOR_IPHONE_IPAD = NO;
				SUPPORTS_XR_DESIGNED_FOR_IPHONE_IPAD = NO;
				SWIFT_EMIT_LOC_STRINGS = YES;
				SWIFT_VERSION = 5.0;
				TARGETED_DEVICE_FAMILY = 1;
			};
			name = Release;
		};
/* End XCBuildConfiguration section */

/* Begin XCConfigurationList section */
		E000 /* Build configuration list for PBXProject "EMSDashboard" */ = {
			isa = XCConfigurationList;
			buildConfigurations = (
				E010 /* Debug */,
				E011 /* Release */,
			);
			defaultConfigurationIsVisible = 0;
			defaultConfigurationName = Release;
		};
		E001 /* Build configuration list for PBXNativeTarget "EMSDashboard" */ = {
			isa = XCConfigurationList;
			buildConfigurations = (
				E020 /* Debug */,
				E021 /* Release */,
			);
			defaultConfigurationIsVisible = 0;
			defaultConfigurationName = Release;
		};
/* End XCConfigurationList section */

/* Begin XCRemoteSwiftPackageReference section */
		BA38825A2F9C4DD700126D42 /* XCRemoteSwiftPackageReference "ios-maps-sdk" */ = {
			isa = XCRemoteSwiftPackageReference;
			repositoryURL = "https://github.com/googlemaps/ios-maps-sdk";
			requirement = {
				kind = upToNextMajorVersion;
				minimumVersion = 10.12.0;
			};
		};
		BABF376B2F9A7DC400D636B0 /* XCRemoteSwiftPackageReference "socket" */ = {
			isa = XCRemoteSwiftPackageReference;
			repositoryURL = "https://github.com/socketio/socket.io-client-swift";
			requirement = {
				kind = upToNextMajorVersion;
				minimumVersion = 16.0.0;
			};
		};
/* End XCRemoteSwiftPackageReference section */

/* Begin XCSwiftPackageProductDependency section */
		BA38825B2F9C4DD700126D42 /* GoogleMaps */ = {
			isa = XCSwiftPackageProductDependency;
			package = BA38825A2F9C4DD700126D42 /* XCRemoteSwiftPackageReference "ios-maps-sdk" */;
			productName = GoogleMaps;
		};
		BABF376C2F9A7DC400D636B0 /* SocketIO */ = {
			isa = XCSwiftPackageProductDependency;
			package = BABF376B2F9A7DC400D636B0 /* XCRemoteSwiftPackageReference "socket" */;
			productName = SocketIO;
		};
/* End XCSwiftPackageProductDependency section */
	};
	rootObject = D000 /* Project object */;
}
